
Microsoft Visual Studio Solution File, Format Version 12.00
# Visual Studio Version 17
VisualStudioVersion = 17.7.34031.279
MinimumVisualStudioVersion = 10.0.40219.1
Project("{9A19103F-16F7-4668-BE54-9A1E7A4F7556}") = "ElasticSearch.API", "ElasticSearch.API\ElasticSearch.API.csproj", "{B01D5F3C-09C6-4B46-AAD6-C06C1EF429E6}"
EndProject
Project("{FAE04EC0-301F-11D3-BF4B-00C04F79EFBC}") = "TestCore8.0", "TestCore8.0\TestCore8.0.csproj", "{530D38BF-EDE1-410B-86C0-5937ED57554C}"
EndProject
Global
	GlobalSection(SolutionConfigurationPlatforms) = preSolution
		Debug|Any CPU = Debug|Any CPU
		Release|Any CPU = Release|Any CPU
	EndGlobalSection
	GlobalSection(ProjectConfigurationPlatforms) = postSolution
		{B01D5F3C-09C6-4B46-AAD6-C06C1EF429E6}.Debug|Any CPU.ActiveCfg = Debug|Any CPU
		{B01D5F3C-09C6-4B46-AAD6-C06C1EF429E6}.Debug|Any CPU.Build.0 = Debug|Any CPU
		{B01D5F3C-09C6-4B46-AAD6-C06C1EF429E6}.Release|Any CPU.ActiveCfg = Release|Any CPU
		{B01D5F3C-09C6-4B46-AAD6-C06C1EF429E6}.Release|Any CPU.Build.0 = Release|Any CPU
		{530D38BF-EDE1-410B-86C0-5937ED57554C}.Debug|Any CPU.ActiveCfg = Debug|Any CPU
		{530D38BF-EDE1-410B-86C0-5937ED57554C}.Debug|Any CPU.Build.0 = Debug|Any CPU
		{530D38BF-EDE1-410B-86C0-5937ED57554C}.Release|Any CPU.ActiveCfg = Release|Any CPU
		{530D38BF-EDE1-410B-86C0-5937ED57554C}.Release|Any CPU.Build.0 = Release|Any CPU
	EndGlobalSection
	GlobalSection(SolutionProperties) = preSolution
		HideSolutionNode = FALSE
	EndGlobalSection
	GlobalSection(ExtensibilityGlobals) = postSolution
		SolutionGuid = {434765D7-A7EB-4A43-AA25-3FE2D88A689E}
	EndGlobalSection
EndGlobal
